
Microsoft Visual Studio Solution File, Format Version 12.00
# Visual Studio Version 16
VisualStudioVersion = 16.0.29123.88
MinimumVisualStudioVersion = 10.0.40219.1
Project("{FAE04EC0-301F-11D3-BF4B-00C04F79EFBC}") = "Zillean", "Zillean\Zillean.csproj", "{B40189BB-AE07-42E3-82CC-19F0583BE677}"
EndProject
Global
	GlobalSection(SolutionConfigurationPlatforms) = preSolution
		Debug|Any CPU = Debug|Any CPU
		Release|Any CPU = Release|Any CPU
	EndGlobalSection
	GlobalSection(ProjectConfigurationPlatforms) = postSolution
		{B40189BB-AE07-42E3-82CC-19F0583BE677}.Debug|Any CPU.ActiveCfg = Debug|Any CPU
		{B40189BB-AE07-42E3-82CC-19F0583BE677}.Debug|Any CPU.Build.0 = Debug|Any CPU
		{B40189BB-AE07-42E3-82CC-19F0583BE677}.Release|Any CPU.ActiveCfg = Release|Any CPU
		{B40189BB-AE07-42E3-82CC-19F0583BE677}.Release|Any CPU.Build.0 = Release|Any CPU
	EndGlobalSection
	GlobalSection(SolutionProperties) = preSolution
		HideSolutionNode = FALSE
	EndGlobalSection
	GlobalSection(ExtensibilityGlobals) = postSolution
		SolutionGuid = {A629C0AB-0BBC-49B9-8433-22986B2B9FDC}
	EndGlobalSection
EndGlobal
